{
  "lockfileVersion": 1,
  "workspaces": {
    "": {
      "dependencies": {
        "highlight.js": "^11.11.1",
        "md4w": "^0.2.6",
        "mime": "^4.0.7",
        "srvx": "^0.7.1",
      },
      "devDependencies": {
        "@types/node": "^22.15.21",
        "prettier": "^3.5.3",
      },
    },
  },
  "packages": {
    "@types/node": ["@types/node@22.15.21", "", { "dependencies": { "undici-types": "~6.21.0" } }, "sha512-EV/37Td6c+MgKAbkcLG6vqZ2zEYHD7bvSrzqqs2RIhbA6w3x+Dqz8MZM3sP6kGTeLrdoOgKZe+Xja7tUB2DNkQ=="],

    "cookie-es": ["cookie-es@2.0.0", "", {}, "sha512-RAj4E421UYRgqokKUmotqAwuplYw15qtdXfY+hGzgCJ/MBjCVZcSoHK/kH9kocfjRjcDME7IiDWR/1WX1TM2Pg=="],

    "highlight.js": ["highlight.js@11.11.1", "", {}, "sha512-Xwwo44whKBVCYoliBQwaPvtd/2tYFkRQtXDWj1nackaV2JPXx3L0+Jvd8/qCJ2p+ML0/XVkJ2q+Mr+UVdpJK5w=="],

    "md4w": ["md4w@0.2.6", "", {}, "sha512-CBLQ2PxVe9WA+/nndZCx/Y+1C3DtmtSeubmXTPhMIgsXtq9gVGleikREko5FYnV6Dz4cHDWm0Ea+YMLpIjP4Kw=="],

    "mime": ["mime@4.0.7", "", { "bin": { "mime": "bin/cli.js" } }, "sha512-2OfDPL+e03E0LrXaGYOtTFIYhiuzep94NSsuhrNULq+stylcJedcHdzHtz0atMUuGwJfFYs0YL5xeC/Ca2x0eQ=="],

    "prettier": ["prettier@3.5.3", "", { "bin": { "prettier": "bin/prettier.cjs" } }, "sha512-QQtaxnoDJeAkDvDKWCLiwIXkTgRhwYDEQCghU9Z6q03iyek/rxRh/2lC3HB7P8sWT2xC/y5JDctPLBIGzHKbhw=="],

    "srvx": ["srvx@0.7.1", "", { "dependencies": { "cookie-es": "^2.0.0" } }, "sha512-+Q5lVEj1UXrp4R0aq7io3dyeosU4Kn4627PA+ngf3Js1w/ZuOqXz7VfrflbdpCybYIZzNLFr7i12sAhEhN9WcA=="],

    "undici-types": ["undici-types@6.21.0", "", {}, "sha512-iwDZqg0QAGrg9Rav5H4n0M64c3mkR59cJ6wQp+7C4nI0gsmExaedaYLNO44eT4AtBBwjbTiGPMlt2Md0T9H9JQ=="],
  }
}
